
Microsoft Visual Studio Solution File, Format Version 12.00
# Visual Studio Version 17
VisualStudioVersion = 17.9.34723.18
MinimumVisualStudioVersion = 10.0.40219.1
Project("{FAE04EC0-301F-11D3-BF4B-00C04F79EFBC}") = "SignatureAPI", "SignatureAPI.csproj", "{EF583E93-4604-4D6E-B7ED-F486A8F75B34}"
EndProject
Global
	GlobalSection(SolutionConfigurationPlatforms) = preSolution
		Debug|Any CPU = Debug|Any CPU
		Release|Any CPU = Release|Any CPU
	EndGlobalSection
	GlobalSection(ProjectConfigurationPlatforms) = postSolution
		{EF583E93-4604-4D6E-B7ED-F486A8F75B34}.Debug|Any CPU.ActiveCfg = Debug|Any CPU
		{EF583E93-4604-4D6E-B7ED-F486A8F75B34}.Debug|Any CPU.Build.0 = Debug|Any CPU
		{EF583E93-4604-4D6E-B7ED-F486A8F75B34}.Release|Any CPU.ActiveCfg = Release|Any CPU
		{EF583E93-4604-4D6E-B7ED-F486A8F75B34}.Release|Any CPU.Build.0 = Release|Any CPU
	EndGlobalSection
	GlobalSection(SolutionProperties) = preSolution
		HideSolutionNode = FALSE
	EndGlobalSection
	GlobalSection(ExtensibilityGlobals) = postSolution
		SolutionGuid = {E23E4B43-E109-4759-802F-A61EBF5BF6B7}
	EndGlobalSection
EndGlobal
